
Microsoft Visual Studio Solution File, Format Version 12.00
# Visual Studio Version 17
VisualStudioVersion = 17.7.34009.444
MinimumVisualStudioVersion = 10.0.40219.1
Project("{8BC9CEB8-8B4A-11D0-8D11-00A0C91BC942}") = "Encoder", "Encoder\Encoder.vcxproj", "{8B6812B0-35FE-4F77-8422-AFC522750A58}"
EndProject
Project("{8BC9CEB8-8B4A-11D0-8D11-00A0C91BC942}") = "Test", "Test\Test.vcxproj", "{29D63668-2A58-4638-BD8A-CA7242ED7372}"
EndProject
Global
	GlobalSection(SolutionConfigurationPlatforms) = preSolution
		Debug|x64 = Debug|x64
		Debug|x86 = Debug|x86
		Release|x64 = Release|x64
		Release|x86 = Release|x86
	EndGlobalSection
	GlobalSection(ProjectConfigurationPlatforms) = postSolution
		{8B6812B0-35FE-4F77-8422-AFC522750A58}.Debug|x64.ActiveCfg = Debug|x64
		{8B6812B0-35FE-4F77-8422-AFC522750A58}.Debug|x64.Build.0 = Debug|x64
		{8B6812B0-35FE-4F77-8422-AFC522750A58}.Debug|x86.ActiveCfg = Debug|Win32
		{8B6812B0-35FE-4F77-8422-AFC522750A58}.Debug|x86.Build.0 = Debug|Win32
		{8B6812B0-35FE-4F77-8422-AFC522750A58}.Release|x64.ActiveCfg = Release|x64
		{8B6812B0-35FE-4F77-8422-AFC522750A58}.Release|x64.Build.0 = Release|x64
		{8B6812B0-35FE-4F77-8422-AFC522750A58}.Release|x86.ActiveCfg = Release|Win32
		{8B6812B0-35FE-4F77-8422-AFC522750A58}.Release|x86.Build.0 = Release|Win32
		{29D63668-2A58-4638-BD8A-CA7242ED7372}.Debug|x64.ActiveCfg = Debug|x64
		{29D63668-2A58-4638-BD8A-CA7242ED7372}.Debug|x64.Build.0 = Debug|x64
		{29D63668-2A58-4638-BD8A-CA7242ED7372}.Debug|x86.ActiveCfg = Debug|Win32
		{29D63668-2A58-4638-BD8A-CA7242ED7372}.Debug|x86.Build.0 = Debug|Win32
		{29D63668-2A58-4638-BD8A-CA7242ED7372}.Release|x64.ActiveCfg = Release|x64
		{29D63668-2A58-4638-BD8A-CA7242ED7372}.Release|x64.Build.0 = Release|x64
		{29D63668-2A58-4638-BD8A-CA7242ED7372}.Release|x86.ActiveCfg = Release|Win32
		{29D63668-2A58-4638-BD8A-CA7242ED7372}.Release|x86.Build.0 = Release|Win32
	EndGlobalSection
	GlobalSection(SolutionProperties) = preSolution
		HideSolutionNode = FALSE
	EndGlobalSection
	GlobalSection(ExtensibilityGlobals) = postSolution
		SolutionGuid = {48DFEEC7-3788-4CEC-B62B-9616725843A5}
	EndGlobalSection
EndGlobal
