<?xml version="1.0" encoding="utf-8"?>
<Project ToolsVersion="4.0" xmlns="http://schemas.microsoft.com/developer/msbuild/2003">
  <ItemGroup>
    <Filter Include="Exception">
      <UniqueIdentifier>{d9ea600d-a10e-45c3-abad-eec72c2205a6}</UniqueIdentifier>
    </Filter>
    <Filter Include="Strategics">
      <UniqueIdentifier>{2f29b13e-a3b2-425d-af7e-bb1ea541a739}</UniqueIdentifier>
    </Filter>
    <Filter Include="Context">
      <UniqueIdentifier>{67d792ad-d16d-4df3-ae9a-ee110be9df22}</UniqueIdentifier>
    </Filter>
  </ItemGroup>
  <ItemGroup>
    <ClCompile Include="Exception.cpp">
      <Filter>Exception</Filter>
    </ClCompile>
    <ClCompile Include="Encoder.cpp">
      <Filter>Context</Filter>
    </ClCompile>
    <ClCompile Include="CipherBlockChaining.cpp">
      <Filter>Strategics</Filter>
    </ClCompile>
    <ClCompile Include="ElectronicCodebook.cpp">
      <Filter>Strategics</Filter>
    </ClCompile>
    <ClCompile Include="PropagationCipherBlockChaining.cpp">
      <Filter>Strategics</Filter>
    </ClCompile>
  </ItemGroup>
  <ItemGroup>
    <ClInclude Include="Exception.h">
      <Filter>Exception</Filter>
    </ClInclude>
    <ClInclude Include="EncryptionMode.h">
      <Filter>Strategics</Filter>
    </ClInclude>
    <ClInclude Include="Encoder.h">
      <Filter>Context</Filter>
    </ClInclude>
    <ClInclude Include="CipherBlockChaining.h">
      <Filter>Strategics</Filter>
    </ClInclude>
    <ClInclude Include="ElectronicCodebook.h">
      <Filter>Strategics</Filter>
    </ClInclude>
    <ClInclude Include="PropagationCipherBlockChaining.h">
      <Filter>Strategics</Filter>
    </ClInclude>
  </ItemGroup>
</Project>